{
  "name": "atom-cerebral-signal-bootstrap",
  "version": "2.0.0",
  "lockfileVersion": 1,
  "requires": true,
  "dependencies": {
    "async": {
      "version": "https://registry.npmjs.org/async/-/async-0.2.10.tgz",
      "integrity": "sha1-trvgsGdLnXGXCMo43owjfLUmw9E="
    },
    "bluebird": {
      "version": "https://registry.npmjs.org/bluebird/-/bluebird-3.4.1.tgz",
      "integrity": "sha1-tzHd9I4t077awudeEhWhG8uR+gc="
    },
    "cerebral-cli-generator": {
      "version": "2.0.2",
      "resolved": "https://registry.npmjs.org/cerebral-cli-generator/-/cerebral-cli-generator-2.0.2.tgz",
      "integrity": "sha1-WEoYTkwWNwPkxUuk9jNucr9nHI0=",
      "requires": {
        "babylon": "6.9.0",
        "clone": "https://registry.npmjs.org/clone/-/clone-1.0.2.tgz",
        "deep-extend": "https://registry.npmjs.org/deep-extend/-/deep-extend-0.4.1.tgz",
        "editorconfig": "https://registry.npmjs.org/editorconfig/-/editorconfig-0.13.2.tgz",
        "mkdirp": "https://registry.npmjs.org/mkdirp/-/mkdirp-0.5.1.tgz",
        "rc": "https://registry.npmjs.org/rc/-/rc-1.1.6.tgz",
        "season": "https://registry.npmjs.org/season/-/season-5.3.0.tgz"
      },
      "dependencies": {
        "babel-runtime": {
          "version": "6.26.0",
          "resolved": "https://registry.npmjs.org/babel-runtime/-/babel-runtime-6.26.0.tgz",
          "integrity": "sha1-llxwWGaOgrVde/4E/yM3vItWR/4=",
          "requires": {
            "core-js": "2.5.1",
            "regenerator-runtime": "0.11.0"
          }
        },
        "babylon": {
          "version": "6.9.0",
          "resolved": "https://registry.npmjs.org/babylon/-/babylon-6.9.0.tgz",
          "integrity": "sha1-2EDVLkTLsWjBGpi/AoIpOrJ/fVM=",
          "requires": {
            "babel-runtime": "6.26.0"
          }
        },
        "core-js": {
          "version": "2.5.1",
          "resolved": "https://registry.npmjs.org/core-js/-/core-js-2.5.1.tgz",
          "integrity": "sha1-rmh03GaTd4m4B1T/VCjfZoGcpQs="
        },
        "regenerator-runtime": {
          "version": "0.11.0",
          "resolved": "https://registry.npmjs.org/regenerator-runtime/-/regenerator-runtime-0.11.0.tgz",
          "integrity": "sha512-/aA0kLeRb5N9K0d4fw7ooEbI+xDe+DKD499EQqygGqeS8N3xto15p09uY2xj7ixP81sNPXvRLnAQIqdVStgb1A=="
        }
      }
    },
    "clone": {
      "version": "https://registry.npmjs.org/clone/-/clone-1.0.2.tgz",
      "integrity": "sha1-Jgt6meux7f4kdTgXX3gyQ8sZ0Uk="
    },
    "coffee-script": {
      "version": "https://registry.npmjs.org/coffee-script/-/coffee-script-1.9.0.tgz",
      "integrity": "sha1-dJLLvD8DYcxdiGWv9yN1Uv8z4fc="
    },
    "commander": {
      "version": "https://registry.npmjs.org/commander/-/commander-2.9.0.tgz",
      "integrity": "sha1-nJkJQXbhIkDLItbFFGCYQA/g99Q=",
      "requires": {
        "graceful-readlink": "https://registry.npmjs.org/graceful-readlink/-/graceful-readlink-1.0.1.tgz"
      }
    },
    "cson-parser": {
      "version": "https://registry.npmjs.org/cson-parser/-/cson-parser-1.0.9.tgz",
      "integrity": "sha1-t5/BuCp3V0NoDw7/uL+tMRNNrHQ=",
      "requires": {
        "coffee-script": "https://registry.npmjs.org/coffee-script/-/coffee-script-1.9.0.tgz"
      }
    },
    "deep-extend": {
      "version": "https://registry.npmjs.org/deep-extend/-/deep-extend-0.4.1.tgz",
      "integrity": "sha1-7+QRPQgIX05vlod1mBD4B0aeIlM="
    },
    "editorconfig": {
      "version": "https://registry.npmjs.org/editorconfig/-/editorconfig-0.13.2.tgz",
      "integrity": "sha1-jleSbZ7mmrbLmZ8CfCFxRnrM6zU=",
      "requires": {
        "bluebird": "https://registry.npmjs.org/bluebird/-/bluebird-3.4.1.tgz",
        "commander": "https://registry.npmjs.org/commander/-/commander-2.9.0.tgz",
        "lru-cache": "https://registry.npmjs.org/lru-cache/-/lru-cache-3.2.0.tgz",
        "sigmund": "https://registry.npmjs.org/sigmund/-/sigmund-1.0.1.tgz"
      }
    },
    "fs-plus": {
      "version": "https://registry.npmjs.org/fs-plus/-/fs-plus-2.9.1.tgz",
      "integrity": "sha1-JbxJ70EkQa1m/fWXSp8PlC+nhEs=",
      "requires": {
        "async": "https://registry.npmjs.org/async/-/async-0.2.10.tgz",
        "mkdirp": "https://registry.npmjs.org/mkdirp/-/mkdirp-0.3.5.tgz",
        "rimraf": "https://registry.npmjs.org/rimraf/-/rimraf-2.2.8.tgz",
        "underscore-plus": "https://registry.npmjs.org/underscore-plus/-/underscore-plus-1.6.6.tgz"
      },
      "dependencies": {
        "mkdirp": {
          "version": "https://registry.npmjs.org/mkdirp/-/mkdirp-0.3.5.tgz",
          "integrity": "sha1-3j5fiWHIjHh+4TaN+EmsRBPsqNc="
        }
      }
    },
    "graceful-readlink": {
      "version": "https://registry.npmjs.org/graceful-readlink/-/graceful-readlink-1.0.1.tgz",
      "integrity": "sha1-TK+tdrxi8C+gObL5Tpo906ORpyU="
    },
    "ini": {
      "version": "https://registry.npmjs.org/ini/-/ini-1.3.4.tgz",
      "integrity": "sha1-BTfLedr1m1mhpRff9wbIbsA5Fi4="
    },
    "lru-cache": {
      "version": "https://registry.npmjs.org/lru-cache/-/lru-cache-3.2.0.tgz",
      "integrity": "sha1-cXibO39Tmb7IVl3aOKow0qCX7+4=",
      "requires": {
        "pseudomap": "https://registry.npmjs.org/pseudomap/-/pseudomap-1.0.2.tgz"
      }
    },
    "minimist": {
      "version": "https://registry.npmjs.org/minimist/-/minimist-0.0.8.tgz",
      "integrity": "sha1-hX/Kv8M5fSYluCKCYuhqp6ARsF0="
    },
    "mkdirp": {
      "version": "https://registry.npmjs.org/mkdirp/-/mkdirp-0.5.1.tgz",
      "integrity": "sha1-MAV0OOrGz3+MR2fzhkjWaX11yQM=",
      "requires": {
        "minimist": "https://registry.npmjs.org/minimist/-/minimist-0.0.8.tgz"
      }
    },
    "optimist": {
      "version": "https://registry.npmjs.org/optimist/-/optimist-0.4.0.tgz",
      "integrity": "sha1-y47Dfy/jqphky2eidSUOfhliCiU=",
      "requires": {
        "wordwrap": "https://registry.npmjs.org/wordwrap/-/wordwrap-0.0.3.tgz"
      }
    },
    "pseudomap": {
      "version": "https://registry.npmjs.org/pseudomap/-/pseudomap-1.0.2.tgz",
      "integrity": "sha1-8FKijacOYYkX7wqKw0wa5aaChrM="
    },
    "rc": {
      "version": "https://registry.npmjs.org/rc/-/rc-1.1.6.tgz",
      "integrity": "sha1-Q2UbdrauU7XIAvEVH6P8OwWZack=",
      "requires": {
        "deep-extend": "https://registry.npmjs.org/deep-extend/-/deep-extend-0.4.1.tgz",
        "ini": "https://registry.npmjs.org/ini/-/ini-1.3.4.tgz",
        "minimist": "https://registry.npmjs.org/minimist/-/minimist-1.2.0.tgz",
        "strip-json-comments": "https://registry.npmjs.org/strip-json-comments/-/strip-json-comments-1.0.4.tgz"
      },
      "dependencies": {
        "minimist": {
          "version": "https://registry.npmjs.org/minimist/-/minimist-1.2.0.tgz",
          "integrity": "sha1-o1AIsg9BOD7sH7kU9M1d95omQoQ="
        }
      }
    },
    "rimraf": {
      "version": "https://registry.npmjs.org/rimraf/-/rimraf-2.2.8.tgz",
      "integrity": "sha1-5Dm+Kq7jJzIZUnMPmaiSnk/FBYI="
    },
    "season": {
      "version": "https://registry.npmjs.org/season/-/season-5.3.0.tgz",
      "integrity": "sha1-KC05fmQW9EkjKHvVVFCtCAuV22U=",
      "requires": {
        "cson-parser": "https://registry.npmjs.org/cson-parser/-/cson-parser-1.0.9.tgz",
        "fs-plus": "https://registry.npmjs.org/fs-plus/-/fs-plus-2.9.1.tgz",
        "optimist": "https://registry.npmjs.org/optimist/-/optimist-0.4.0.tgz"
      }
    },
    "sigmund": {
      "version": "https://registry.npmjs.org/sigmund/-/sigmund-1.0.1.tgz",
      "integrity": "sha1-P/IfGYytIXX587eBhT/ZTQ0ZtZA="
    },
    "strip-json-comments": {
      "version": "https://registry.npmjs.org/strip-json-comments/-/strip-json-comments-1.0.4.tgz",
      "integrity": "sha1-HhX7ysl9Pumb8tc7TGVrCCu6+5E="
    },
    "underscore": {
      "version": "https://registry.npmjs.org/underscore/-/underscore-1.6.0.tgz",
      "integrity": "sha1-izixDKze9jM3uLJOT/htRa6lKag="
    },
    "underscore-plus": {
      "version": "https://registry.npmjs.org/underscore-plus/-/underscore-plus-1.6.6.tgz",
      "integrity": "sha1-ZezeG9xEGjXYnmUP1w3PE65Dmn0=",
      "requires": {
        "underscore": "https://registry.npmjs.org/underscore/-/underscore-1.6.0.tgz"
      }
    },
    "wordwrap": {
      "version": "https://registry.npmjs.org/wordwrap/-/wordwrap-0.0.3.tgz",
      "integrity": "sha1-o9XabNXAvAAI03I0u68b7WMFkQc="
    }
  }
}
